
Microsoft Visual Studio Solution File, Format Version 12.00
# Visual Studio Version 16
VisualStudioVersion = 16.0.31321.278
MinimumVisualStudioVersion = 10.0.40219.1
Project("{FAE04EC0-301F-11D3-BF4B-00C04F79EFBC}") = "ConnectCA", "ConnectCABR\ConnectCA.csproj", "{B79A6443-3F16-4C79-9041-959E75B2F468}"
EndProject
Global
	GlobalSection(SolutionConfigurationPlatforms) = preSolution
		Debug|Any CPU = Debug|Any CPU
		Release|Any CPU = Release|Any CPU
	EndGlobalSection
	GlobalSection(ProjectConfigurationPlatforms) = postSolution
		{B79A6443-3F16-4C79-9041-959E75B2F468}.Debug|Any CPU.ActiveCfg = Debug|Any CPU
		{B79A6443-3F16-4C79-9041-959E75B2F468}.Debug|Any CPU.Build.0 = Debug|Any CPU
		{B79A6443-3F16-4C79-9041-959E75B2F468}.Release|Any CPU.ActiveCfg = Release|Any CPU
		{B79A6443-3F16-4C79-9041-959E75B2F468}.Release|Any CPU.Build.0 = Release|Any CPU
	EndGlobalSection
	GlobalSection(SolutionProperties) = preSolution
		HideSolutionNode = FALSE
	EndGlobalSection
	GlobalSection(ExtensibilityGlobals) = postSolution
		SolutionGuid = {29E016FA-9621-4462-BD6A-B2192CCA282F}
	EndGlobalSection
EndGlobal
